
Microsoft Visual Studio Solution File, Format Version 12.00
# Visual Studio Version 17
VisualStudioVersion = 17.1.32421.90
MinimumVisualStudioVersion = 10.0.40219.1
Project("{FAE04EC0-301F-11D3-BF4B-00C04F79EFBC}") = "EjercicioClase08", "EjercicioClase08\EjercicioClase08.csproj", "{D7E369D3-FB5E-4F58-ABBE-20DF3A7703CD}"
EndProject
Global
	GlobalSection(SolutionConfigurationPlatforms) = preSolution
		Debug|Any CPU = Debug|Any CPU
		Release|Any CPU = Release|Any CPU
	EndGlobalSection
	GlobalSection(ProjectConfigurationPlatforms) = postSolution
		{D7E369D3-FB5E-4F58-ABBE-20DF3A7703CD}.Debug|Any CPU.ActiveCfg = Debug|Any CPU
		{D7E369D3-FB5E-4F58-ABBE-20DF3A7703CD}.Debug|Any CPU.Build.0 = Debug|Any CPU
		{D7E369D3-FB5E-4F58-ABBE-20DF3A7703CD}.Release|Any CPU.ActiveCfg = Release|Any CPU
		{D7E369D3-FB5E-4F58-ABBE-20DF3A7703CD}.Release|Any CPU.Build.0 = Release|Any CPU
	EndGlobalSection
	GlobalSection(SolutionProperties) = preSolution
		HideSolutionNode = FALSE
	EndGlobalSection
	GlobalSection(ExtensibilityGlobals) = postSolution
		SolutionGuid = {37746E4F-15EC-4DDA-8B05-1F103A26AB76}
	EndGlobalSection
EndGlobal
